// !$*UTF8*$!
{
	archiveVersion = 1;
	classes = {
	};
	objectVersion = 50;
	objects = {

/* Begin PBXBuildFile section */
		661BFD5F2576CADD0036B50E /* AppDelegate.swift in Sources */ = {isa = PBXBuildFile; fileRef = 661BFD5E2576CADD0036B50E /* AppDelegate.swift */; };
		661BFD612576CADD0036B50E /* ViewController.swift in Sources */ = {isa = PBXBuildFile; fileRef = 661BFD602576CADD0036B50E /* ViewController.swift */; };
		661BFD642576CADD0036B50E /* Main.storyboard in Resources */ = {isa = PBXBuildFile; fileRef = 661BFD622576CADD0036B50E /* Main.storyboard */; };
		661BFD662576CADF0036B50E /* Assets.xcassets in Resources */ = {isa = PBXBuildFile; fileRef = 661BFD652576CADF0036B50E /* Assets.xcassets */; };
		661BFD692576CADF0036B50E /* LaunchScreen.storyboard in Resources */ = {isa = PBXBuildFile; fileRef = 661BFD672576CADF0036B50E /* LaunchScreen.storyboard */; };
		665007252578CBBA009B5842 /* ImagesViewController.swift in Sources */ = {isa = PBXBuildFile; fileRef = 665007242578CBBA009B5842 /* ImagesViewController.swift */; };
		66F4D5F1257D524C0051C0D4 /* SwiftyJSON.swift in Sources */ = {isa = PBXBuildFile; fileRef = 66F4D5F0257D524C0051C0D4 /* SwiftyJSON.swift */; };
/* End PBXBuildFile section */

/* Begin PBXFileReference section */
		661BFD5B2576CADD0036B50E /* RandomlyBeautifulImage.app */ = {isa = PBXFileReference; explicitFileType = wrapper.application; includeInIndex = 0; path = RandomlyBeautifulImage.app; sourceTree = BUILT_PRODUCTS_DIR; };
		661BFD5E2576CADD0036B50E /* AppDelegate.swift */ = {isa = PBXFileReference; lastKnownFileType = sourcecode.swift; path = AppDelegate.swift; sourceTree = "<group>"; };
		661BFD602576CADD0036B50E /* ViewController.swift */ = {isa = PBXFileReference; lastKnownFileType = sourcecode.swift; path = ViewController.swift; sourceTree = "<group>"; };
		661BFD632576CADD0036B50E /* Base */ = {isa = PBXFileReference; lastKnownFileType = file.storyboard; name = Base; path = Base.lproj/Main.storyboard; sourceTree = "<group>"; };
		661BFD652576CADF0036B50E /* Assets.xcassets */ = {isa = PBXFileReference; lastKnownFileType = folder.assetcatalog; path = Assets.xcassets; sourceTree = "<group>"; };
		661BFD682576CADF0036B50E /* Base */ = {isa = PBXFileReference; lastKnownFileType = file.storyboard; name = Base; path = Base.lproj/LaunchScreen.storyboard; sourceTree = "<group>"; };
		661BFD6A2576CADF0036B50E /* Info.plist */ = {isa = PBXFileReference; lastKnownFileType = text.plist.xml; path = Info.plist; sourceTree = "<group>"; };
		665007242578CBBA009B5842 /* ImagesViewController.swift */ = {isa = PBXFileReference; lastKnownFileType = sourcecode.swift; path = ImagesViewController.swift; sourceTree = "<group>"; };
		66F4D5F0257D524C0051C0D4 /* SwiftyJSON.swift */ = {isa = PBXFileReference; fileEncoding = 4; lastKnownFileType = sourcecode.swift; path = SwiftyJSON.swift; sourceTree = "<group>"; };
/* End PBXFileReference section */

/* Begin PBXFrameworksBuildPhase section */
		661BFD582576CADD0036B50E /* Frameworks */ = {
			isa = PBXFrameworksBuildPhase;
			buildActionMask = 2147483647;
			files = (
			);
			runOnlyForDeploymentPostprocessing = 0;
		};
/* End PBXFrameworksBuildPhase section */

/* Begin PBXGroup section */
		661BFD522576CADD0036B50E = {
			isa = PBXGroup;
			children = (
				661BFD5D2576CADD0036B50E /* RandomlyBeautifulImage */,
				661BFD5C2576CADD0036B50E /* Products */,
			);
			sourceTree = "<group>";
		};
		661BFD5C2576CADD0036B50E /* Products */ = {
			isa = PBXGroup;
			children = (
				661BFD5B2576CADD0036B50E /* RandomlyBeautifulImage.app */,
			);
			name = Products;
			sourceTree = "<group>";
		};
		661BFD5D2576CADD0036B50E /* RandomlyBeautifulImage */ = {
			isa = PBXGroup;
			children = (
				661BFD5E2576CADD0036B50E /* AppDelegate.swift */,
				661BFD602576CADD0036B50E /* ViewController.swift */,
				665007242578CBBA009B5842 /* ImagesViewController.swift */,
				66F4D5F0257D524C0051C0D4 /* SwiftyJSON.swift */,
				661BFD622576CADD0036B50E /* Main.storyboard */,
				661BFD652576CADF0036B50E /* Assets.xcassets */,
				661BFD672576CADF0036B50E /* LaunchScreen.storyboard */,
				661BFD6A2576CADF0036B50E /* Info.plist */,
			);
			path = RandomlyBeautifulImage;
			sourceTree = "<group>";
		};
/* End PBXGroup section */

/* Begin PBXNativeTarget section */
		661BFD5A2576CADD0036B50E /* RandomlyBeautifulImage */ = {
			isa = PBXNativeTarget;
			buildConfigurationList = 661BFD6D2576CADF0036B50E /* Build configuration list for PBXNativeTarget "RandomlyBeautifulImage" */;
			buildPhases = (
				661BFD572576CADD0036B50E /* Sources */,
				661BFD582576CADD0036B50E /* Frameworks */,
				661BFD592576CADD0036B50E /* Resources */,
			);
			buildRules = (
			);
			dependencies = (
			);
			name = RandomlyBeautifulImage;
			productName = RandomlyBeautifulImage;
			productReference = 661BFD5B2576CADD0036B50E /* RandomlyBeautifulImage.app */;
			productType = "com.apple.product-type.application";
		};
/* End PBXNativeTarget section */

/* Begin PBXProject section */
		661BFD532576CADD0036B50E /* Project object */ = {
			isa = PBXProject;
			attributes = {
				LastSwiftUpdateCheck = 1210;
				LastUpgradeCheck = 1210;
				TargetAttributes = {
					661BFD5A2576CADD0036B50E = {
						CreatedOnToolsVersion = 12.1;
					};
				};
			};
			buildConfigurationList = 661BFD562576CADD0036B50E /* Build configuration list for PBXProject "RandomlyBeautifulImage" */;
			compatibilityVersion = "Xcode 9.3";
			developmentRegion = en;
			hasScannedForEncodings = 0;
			knownRegions = (
				en,
				Base,
			);
			mainGroup = 661BFD522576CADD0036B50E;
			productRefGroup = 661BFD5C2576CADD0036B50E /* Products */;
			projectDirPath = "";
			projectRoot = "";
			targets = (
				661BFD5A2576CADD0036B50E /* RandomlyBeautifulImage */,
			);
		};
/* End PBXProject section */

/* Begin PBXResourcesBuildPhase section */
		661BFD592576CADD0036B50E /* Resources */ = {
			isa = PBXResourcesBuildPhase;
			buildActionMask = 2147483647;
			files = (
				661BFD692576CADF0036B50E /* LaunchScreen.storyboard in Resources */,
				661BFD662576CADF0036B50E /* Assets.xcassets in Resources */,
				661BFD642576CADD0036B50E /* Main.storyboard in Resources */,
			);
			runOnlyForDeploymentPostprocessing = 0;
		};
/* End PBXResourcesBuildPhase section */

/* Begin PBXSourcesBuildPhase section */
		661BFD572576CADD0036B50E /* Sources */ = {
			isa = PBXSourcesBuildPhase;
			buildActionMask = 2147483647;
			files = (
				665007252578CBBA009B5842 /* ImagesViewController.swift in Sources */,
				661BFD612576CADD0036B50E /* ViewController.swift in Sources */,
				661BFD5F2576CADD0036B50E /* AppDelegate.swift in Sources */,
				66F4D5F1257D524C0051C0D4 /* SwiftyJSON.swift in Sources */,
			);
			runOnlyForDeploymentPostprocessing = 0;
		};
/* End PBXSourcesBuildPhase section */

/* Begin PBXVariantGroup section */
		661BFD622576CADD0036B50E /* Main.storyboard */ = {
			isa = PBXVariantGroup;
			children = (
				661BFD632576CADD0036B50E /* Base */,
			);
			name = Main.storyboard;
			sourceTree = "<group>";
		};
		661BFD672576CADF0036B50E /* LaunchScreen.storyboard */ = {
			isa = PBXVariantGroup;
			children = (
				661BFD682576CADF0036B50E /* Base */,
			);
			name = LaunchScreen.storyboard;
			sourceTree = "<group>";
		};
/* End PBXVariantGroup section */

/* Begin XCBuildConfiguration section */
		661BFD6B2576CADF0036B50E /* Debug */ = {
			isa = XCBuildConfiguration;
			buildSettings = {
				ALWAYS_SEARCH_USER_PATHS = NO;
				CLANG_ANALYZER_NONNULL = YES;
				CLANG_ANALYZER_NUMBER_OBJECT_CONVERSION = YES_AGGRESSIVE;
				CLANG_CXX_LANGUAGE_STANDARD = "gnu++14";
				CLANG_CXX_LIBRARY = "libc++";
				CLANG_ENABLE_MODULES = YES;
				CLANG_ENABLE_OBJC_ARC = YES;
				CLANG_ENABLE_OBJC_WEAK = YES;
				CLANG_WARN_BLOCK_CAPTURE_AUTORELEASING = YES;
				CLANG_WARN_BOOL_CONVERSION = YES;
				CLANG_WARN_COMMA = YES;
				CLANG_WARN_CONSTANT_CONVERSION = YES;
				CLANG_WARN_DEPRECATED_OBJC_IMPLEMENTATIONS = YES;
				CLANG_WARN_DIRECT_OBJC_ISA_USAGE = YES_ERROR;
				CLANG_WARN_DOCUMENTATION_COMMENTS = YES;
				CLANG_WARN_EMPTY_BODY = YES;
				CLANG_WARN_ENUM_CONVERSION = YES;
				CLANG_WARN_INFINITE_RECURSION = YES;
				CLANG_WARN_INT_CONVERSION = YES;
				CLANG_WARN_NON_LITERAL_NULL_CONVERSION = YES;
				CLANG_WARN_OBJC_IMPLICIT_RETAIN_SELF = YES;
				CLANG_WARN_OBJC_LITERAL_CONVERSION = YES;
				CLANG_WARN_OBJC_ROOT_CLASS = YES_ERROR;
				CLANG_WARN_QUOTED_INCLUDE_IN_FRAMEWORK_HEADER = YES;
				CLANG_WARN_RANGE_LOOP_ANALYSIS = YES;
				CLANG_WARN_STRICT_PROTOTYPES = YES;
				CLANG_WARN_SUSPICIOUS_MOVE = YES;
				CLANG_WARN_UNGUARDED_AVAILABILITY = YES_AGGRESSIVE;
				CLANG_WARN_UNREACHABLE_CODE = YES;
				CLANG_WARN__DUPLICATE_METHOD_MATCH = YES;
				COPY_PHASE_STRIP = NO;
				DEBUG_INFORMATION_FORMAT = dwarf;
				ENABLE_STRICT_OBJC_MSGSEND = YES;
				ENABLE_TESTABILITY = YES;
				GCC_C_LANGUAGE_STANDARD = gnu11;
				GCC_DYNAMIC_NO_PIC = NO;
				GCC_NO_COMMON_BLOCKS = YES;
				GCC_OPTIMIZATION_LEVEL = 0;
				GCC_PREPROCESSOR_DEFINITIONS = (
					"DEBUG=1",
					"$(inherited)",
				);
				GCC_WARN_64_TO_32_BIT_CONVERSION = YES;
				GCC_WARN_ABOUT_RETURN_TYPE = YES_ERROR;
				GCC_WARN_UNDECLARED_SELECTOR = YES;
				GCC_WARN_UNINITIALIZED_AUTOS = YES_AGGRESSIVE;
				GCC_WARN_UNUSED_FUNCTION = YES;
				GCC_WARN_UNUSED_VARIABLE = YES;
				MTL_ENABLE_DEBUG_INFO = INCLUDE_SOURCE;
				MTL_FAST_MATH = YES;
				ONLY_ACTIVE_ARCH = YES;
				SDKROOT = appletvos;
				SWIFT_ACTIVE_COMPILATION_CONDITIONS = DEBUG;
				SWIFT_OPTIMIZATION_LEVEL = "-Onone";
				TVOS_DEPLOYMENT_TARGET = 14.0;
			};
			name = Debug;
		};
		661BFD6C2576CADF0036B50E /* Release */ = {
			isa = XCBuildConfiguration;
			buildSettings = {
				ALWAYS_SEARCH_USER_PATHS = NO;
				CLANG_ANALYZER_NONNULL = YES;
				CLANG_ANALYZER_NUMBER_OBJECT_CONVERSION = YES_AGGRESSIVE;
				CLANG_CXX_LANGUAGE_STANDARD = "gnu++14";
				CLANG_CXX_LIBRARY = "libc++";
				CLANG_ENABLE_MODULES = YES;
				CLANG_ENABLE_OBJC_ARC = YES;
				CLANG_ENABLE_OBJC_WEAK = YES;
				CLANG_WARN_BLOCK_CAPTURE_AUTORELEASING = YES;
				CLANG_WARN_BOOL_CONVERSION = YES;
				CLANG_WARN_COMMA = YES;
				CLANG_WARN_CONSTANT_CONVERSION = YES;
				CLANG_WARN_DEPRECATED_OBJC_IMPLEMENTATIONS = YES;
				CLANG_WARN_DIRECT_OBJC_ISA_USAGE = YES_ERROR;
				CLANG_WARN_DOCUMENTATION_COMMENTS = YES;
				CLANG_WARN_EMPTY_BODY = YES;
				CLANG_WARN_ENUM_CONVERSION = YES;
				CLANG_WARN_INFINITE_RECURSION = YES;
				CLANG_WARN_INT_CONVERSION = YES;
				CLANG_WARN_NON_LITERAL_NULL_CONVERSION = YES;
				CLANG_WARN_OBJC_IMPLICIT_RETAIN_SELF = YES;
				CLANG_WARN_OBJC_LITERAL_CONVERSION = YES;
				CLANG_WARN_OBJC_ROOT_CLASS = YES_ERROR;
				CLANG_WARN_QUOTED_INCLUDE_IN_FRAMEWORK_HEADER = YES;
				CLANG_WARN_RANGE_LOOP_ANALYSIS = YES;
				CLANG_WARN_STRICT_PROTOTYPES = YES;
				CLANG_WARN_SUSPICIOUS_MOVE = YES;
				CLANG_WARN_UNGUARDED_AVAILABILITY = YES_AGGRESSIVE;
				CLANG_WARN_UNREACHABLE_CODE = YES;
				CLANG_WARN__DUPLICATE_METHOD_MATCH = YES;
				COPY_PHASE_STRIP = NO;
				DEBUG_INFORMATION_FORMAT = "dwarf-with-dsym";
				ENABLE_NS_ASSERTIONS = NO;
				ENABLE_STRICT_OBJC_MSGSEND = YES;
				GCC_C_LANGUAGE_STANDARD = gnu11;
				GCC_NO_COMMON_BLOCKS = YES;
				GCC_WARN_64_TO_32_BIT_CONVERSION = YES;
				GCC_WARN_ABOUT_RETURN_TYPE = YES_ERROR;
				GCC_WARN_UNDECLARED_SELECTOR = YES;
				GCC_WARN_UNINITIALIZED_AUTOS = YES_AGGRESSIVE;
				GCC_WARN_UNUSED_FUNCTION = YES;
				GCC_WARN_UNUSED_VARIABLE = YES;
				MTL_ENABLE_DEBUG_INFO = NO;
				MTL_FAST_MATH = YES;
				SDKROOT = appletvos;
				SWIFT_COMPILATION_MODE = wholemodule;
				SWIFT_OPTIMIZATION_LEVEL = "-O";
				TVOS_DEPLOYMENT_TARGET = 14.0;
				VALIDATE_PRODUCT = YES;
			};
			name = Release;
		};
		661BFD6E2576CADF0036B50E /* Debug */ = {
			isa = XCBuildConfiguration;
			buildSettings = {
				ASSETCATALOG_COMPILER_APPICON_NAME = "App Icon & Top Shelf Image";
				ASSETCATALOG_COMPILER_GLOBAL_ACCENT_COLOR_NAME = AccentColor;
				CODE_SIGN_STYLE = Automatic;
				DEVELOPMENT_TEAM = 5GWB2H668N;
				INFOPLIST_FILE = RandomlyBeautifulImage/Info.plist;
				LD_RUNPATH_SEARCH_PATHS = (
					"$(inherited)",
					"@executable_path/Frameworks",
				);
				PRODUCT_BUNDLE_IDENTIFIER = ru.zamprog.RandomlyBeautifulImage;
				PRODUCT_NAME = "$(TARGET_NAME)";
				SWIFT_VERSION = 5.0;
				TARGETED_DEVICE_FAMILY = 3;
			};
			name = Debug;
		};
		661BFD6F2576CADF0036B50E /* Release */ = {
			isa = XCBuildConfiguration;
			buildSettings = {
				ASSETCATALOG_COMPILER_APPICON_NAME = "App Icon & Top Shelf Image";
				ASSETCATALOG_COMPILER_GLOBAL_ACCENT_COLOR_NAME = AccentColor;
				CODE_SIGN_STYLE = Automatic;
				DEVELOPMENT_TEAM = 5GWB2H668N;
				INFOPLIST_FILE = RandomlyBeautifulImage/Info.plist;
				LD_RUNPATH_SEARCH_PATHS = (
					"$(inherited)",
					"@executable_path/Frameworks",
				);
				PRODUCT_BUNDLE_IDENTIFIER = ru.zamprog.RandomlyBeautifulImage;
				PRODUCT_NAME = "$(TARGET_NAME)";
				SWIFT_VERSION = 5.0;
				TARGETED_DEVICE_FAMILY = 3;
			};
			name = Release;
		};
/* End XCBuildConfiguration section */

/* Begin XCConfigurationList section */
		661BFD562576CADD0036B50E /* Build configuration list for PBXProject "RandomlyBeautifulImage" */ = {
			isa = XCConfigurationList;
			buildConfigurations = (
				661BFD6B2576CADF0036B50E /* Debug */,
				661BFD6C2576CADF0036B50E /* Release */,
			);
			defaultConfigurationIsVisible = 0;
			defaultConfigurationName = Release;
		};
		661BFD6D2576CADF0036B50E /* Build configuration list for PBXNativeTarget "RandomlyBeautifulImage" */ = {
			isa = XCConfigurationList;
			buildConfigurations = (
				661BFD6E2576CADF0036B50E /* Debug */,
				661BFD6F2576CADF0036B50E /* Release */,
			);
			defaultConfigurationIsVisible = 0;
			defaultConfigurationName = Release;
		};
/* End XCConfigurationList section */
	};
	rootObject = 661BFD532576CADD0036B50E /* Project object */;
}
